// !$*UTF8*$!
{
	archiveVersion = 1;
	classes = {
	};
	objectVersion = 55;
	objects = {

/* Begin PBXBuildFile section */
		DE51845D272AB458005B4902 /* Parking.swift in Sources */ = {isa = PBXBuildFile; fileRef = DE51845C272AB458005B4902 /* Parking.swift */; };
		DE518462272ABA3E005B4902 /* Gate.swift in Sources */ = {isa = PBXBuildFile; fileRef = DE518461272ABA3E005B4902 /* Gate.swift */; };
		DE9BFC582729CA3900426952 /* DouzePointCinqTestApp.swift in Sources */ = {isa = PBXBuildFile; fileRef = DE9BFC572729CA3900426952 /* DouzePointCinqTestApp.swift */; };
		DE9BFC5A2729CA3900426952 /* ContentView.swift in Sources */ = {isa = PBXBuildFile; fileRef = DE9BFC592729CA3900426952 /* ContentView.swift */; };
		DE9BFC5C2729CA3C00426952 /* Assets.xcassets in Resources */ = {isa = PBXBuildFile; fileRef = DE9BFC5B2729CA3C00426952 /* Assets.xcassets */; };
		DE9BFC5F2729CA3C00426952 /* Preview Assets.xcassets in Resources */ = {isa = PBXBuildFile; fileRef = DE9BFC5E2729CA3C00426952 /* Preview Assets.xcassets */; };
		DEB6977D272AD4370053F93E /* ParkingListView.swift in Sources */ = {isa = PBXBuildFile; fileRef = DEB6977C272AD4370053F93E /* ParkingListView.swift */; };
		DEB6977F272AD49D0053F93E /* ParkingView.swift in Sources */ = {isa = PBXBuildFile; fileRef = DEB6977E272AD49D0053F93E /* ParkingView.swift */; };
		DEB69781272B0F550053F93E /* View+If.swift in Sources */ = {isa = PBXBuildFile; fileRef = DEB69780272B0F550053F93E /* View+If.swift */; };
/* End PBXBuildFile section */

/* Begin PBXFileReference section */
		DE51845C272AB458005B4902 /* Parking.swift */ = {isa = PBXFileReference; lastKnownFileType = sourcecode.swift; path = Parking.swift; sourceTree = "<group>"; };
		DE518461272ABA3E005B4902 /* Gate.swift */ = {isa = PBXFileReference; lastKnownFileType = sourcecode.swift; path = Gate.swift; sourceTree = "<group>"; };
		DE9BFC542729CA3900426952 /* DouzePointCinqTest.app */ = {isa = PBXFileReference; explicitFileType = wrapper.application; includeInIndex = 0; path = DouzePointCinqTest.app; sourceTree = BUILT_PRODUCTS_DIR; };
		DE9BFC572729CA3900426952 /* DouzePointCinqTestApp.swift */ = {isa = PBXFileReference; lastKnownFileType = sourcecode.swift; path = DouzePointCinqTestApp.swift; sourceTree = "<group>"; };
		DE9BFC592729CA3900426952 /* ContentView.swift */ = {isa = PBXFileReference; lastKnownFileType = sourcecode.swift; path = ContentView.swift; sourceTree = "<group>"; };
		DE9BFC5B2729CA3C00426952 /* Assets.xcassets */ = {isa = PBXFileReference; lastKnownFileType = folder.assetcatalog; path = Assets.xcassets; sourceTree = "<group>"; };
		DE9BFC5E2729CA3C00426952 /* Preview Assets.xcassets */ = {isa = PBXFileReference; lastKnownFileType = folder.assetcatalog; path = "Preview Assets.xcassets"; sourceTree = "<group>"; };
		DEB6977C272AD4370053F93E /* ParkingListView.swift */ = {isa = PBXFileReference; lastKnownFileType = sourcecode.swift; path = ParkingListView.swift; sourceTree = "<group>"; };
		DEB6977E272AD49D0053F93E /* ParkingView.swift */ = {isa = PBXFileReference; lastKnownFileType = sourcecode.swift; path = ParkingView.swift; sourceTree = "<group>"; };
		DEB69780272B0F550053F93E /* View+If.swift */ = {isa = PBXFileReference; lastKnownFileType = sourcecode.swift; path = "View+If.swift"; sourceTree = "<group>"; };
/* End PBXFileReference section */

/* Begin PBXFrameworksBuildPhase section */
		DE9BFC512729CA3900426952 /* Frameworks */ = {
			isa = PBXFrameworksBuildPhase;
			buildActionMask = 2147483647;
			files = (
			);
			runOnlyForDeploymentPostprocessing = 0;
		};
/* End PBXFrameworksBuildPhase section */

/* Begin PBXGroup section */
		DE51845E272AB45E005B4902 /* Models */ = {
			isa = PBXGroup;
			children = (
				DE51845C272AB458005B4902 /* Parking.swift */,
				DE518461272ABA3E005B4902 /* Gate.swift */,
			);
			path = Models;
			sourceTree = "<group>";
		};
		DE518463272ABAA4005B4902 /* Views */ = {
			isa = PBXGroup;
			children = (
				DE9BFC592729CA3900426952 /* ContentView.swift */,
				DEB6977C272AD4370053F93E /* ParkingListView.swift */,
				DEB6977E272AD49D0053F93E /* ParkingView.swift */,
			);
			path = Views;
			sourceTree = "<group>";
		};
		DE9BFC4B2729CA3900426952 = {
			isa = PBXGroup;
			children = (
				DE9BFC562729CA3900426952 /* DouzePointCinqTest */,
				DE9BFC552729CA3900426952 /* Products */,
			);
			sourceTree = "<group>";
		};
		DE9BFC552729CA3900426952 /* Products */ = {
			isa = PBXGroup;
			children = (
				DE9BFC542729CA3900426952 /* DouzePointCinqTest.app */,
			);
			name = Products;
			sourceTree = "<group>";
		};
		DE9BFC562729CA3900426952 /* DouzePointCinqTest */ = {
			isa = PBXGroup;
			children = (
				DE9BFC572729CA3900426952 /* DouzePointCinqTestApp.swift */,
				DE518463272ABAA4005B4902 /* Views */,
				DE51845E272AB45E005B4902 /* Models */,
				DEB69782272B0F6B0053F93E /* Helpers */,
				DE9BFC5B2729CA3C00426952 /* Assets.xcassets */,
				DE9BFC5D2729CA3C00426952 /* Preview Content */,
			);
			path = DouzePointCinqTest;
			sourceTree = "<group>";
		};
		DE9BFC5D2729CA3C00426952 /* Preview Content */ = {
			isa = PBXGroup;
			children = (
				DE9BFC5E2729CA3C00426952 /* Preview Assets.xcassets */,
			);
			path = "Preview Content";
			sourceTree = "<group>";
		};
		DEB69782272B0F6B0053F93E /* Helpers */ = {
			isa = PBXGroup;
			children = (
				DEB69780272B0F550053F93E /* View+If.swift */,
			);
			path = Helpers;
			sourceTree = "<group>";
		};
/* End PBXGroup section */

/* Begin PBXNativeTarget section */
		DE9BFC532729CA3900426952 /* DouzePointCinqTest */ = {
			isa = PBXNativeTarget;
			buildConfigurationList = DE9BFC622729CA3C00426952 /* Build configuration list for PBXNativeTarget "DouzePointCinqTest" */;
			buildPhases = (
				DE9BFC502729CA3900426952 /* Sources */,
				DE9BFC512729CA3900426952 /* Frameworks */,
				DE9BFC522729CA3900426952 /* Resources */,
			);
			buildRules = (
			);
			dependencies = (
			);
			name = DouzePointCinqTest;
			productName = DouzePointCinqTest;
			productReference = DE9BFC542729CA3900426952 /* DouzePointCinqTest.app */;
			productType = "com.apple.product-type.application";
		};
/* End PBXNativeTarget section */

/* Begin PBXProject section */
		DE9BFC4C2729CA3900426952 /* Project object */ = {
			isa = PBXProject;
			attributes = {
				BuildIndependentTargetsInParallel = 1;
				LastSwiftUpdateCheck = 1310;
				LastUpgradeCheck = 1310;
				TargetAttributes = {
					DE9BFC532729CA3900426952 = {
						CreatedOnToolsVersion = 13.1;
					};
				};
			};
			buildConfigurationList = DE9BFC4F2729CA3900426952 /* Build configuration list for PBXProject "DouzePointCinqTest" */;
			compatibilityVersion = "Xcode 13.0";
			developmentRegion = en;
			hasScannedForEncodings = 0;
			knownRegions = (
				en,
				Base,
			);
			mainGroup = DE9BFC4B2729CA3900426952;
			productRefGroup = DE9BFC552729CA3900426952 /* Products */;
			projectDirPath = "";
			projectRoot = "";
			targets = (
				DE9BFC532729CA3900426952 /* DouzePointCinqTest */,
			);
		};
/* End PBXProject section */

/* Begin PBXResourcesBuildPhase section */
		DE9BFC522729CA3900426952 /* Resources */ = {
			isa = PBXResourcesBuildPhase;
			buildActionMask = 2147483647;
			files = (
				DE9BFC5F2729CA3C00426952 /* Preview Assets.xcassets in Resources */,
				DE9BFC5C2729CA3C00426952 /* Assets.xcassets in Resources */,
			);
			runOnlyForDeploymentPostprocessing = 0;
		};
/* End PBXResourcesBuildPhase section */

/* Begin PBXSourcesBuildPhase section */
		DE9BFC502729CA3900426952 /* Sources */ = {
			isa = PBXSourcesBuildPhase;
			buildActionMask = 2147483647;
			files = (
				DE9BFC5A2729CA3900426952 /* ContentView.swift in Sources */,
				DEB6977D272AD4370053F93E /* ParkingListView.swift in Sources */,
				DE51845D272AB458005B4902 /* Parking.swift in Sources */,
				DEB69781272B0F550053F93E /* View+If.swift in Sources */,
				DEB6977F272AD49D0053F93E /* ParkingView.swift in Sources */,
				DE518462272ABA3E005B4902 /* Gate.swift in Sources */,
				DE9BFC582729CA3900426952 /* DouzePointCinqTestApp.swift in Sources */,
			);
			runOnlyForDeploymentPostprocessing = 0;
		};
/* End PBXSourcesBuildPhase section */

/* Begin XCBuildConfiguration section */
		DE9BFC602729CA3C00426952 /* Debug */ = {
			isa = XCBuildConfiguration;
			buildSettings = {
				ALWAYS_SEARCH_USER_PATHS = NO;
				CLANG_ANALYZER_NONNULL = YES;
				CLANG_ANALYZER_NUMBER_OBJECT_CONVERSION = YES_AGGRESSIVE;
				CLANG_CXX_LANGUAGE_STANDARD = "gnu++17";
				CLANG_CXX_LIBRARY = "libc++";
				CLANG_ENABLE_MODULES = YES;
				CLANG_ENABLE_OBJC_ARC = YES;
				CLANG_ENABLE_OBJC_WEAK = YES;
				CLANG_WARN_BLOCK_CAPTURE_AUTORELEASING = YES;
				CLANG_WARN_BOOL_CONVERSION = YES;
				CLANG_WARN_COMMA = YES;
				CLANG_WARN_CONSTANT_CONVERSION = YES;
				CLANG_WARN_DEPRECATED_OBJC_IMPLEMENTATIONS = YES;
				CLANG_WARN_DIRECT_OBJC_ISA_USAGE = YES_ERROR;
				CLANG_WARN_DOCUMENTATION_COMMENTS = YES;
				CLANG_WARN_EMPTY_BODY = YES;
				CLANG_WARN_ENUM_CONVERSION = YES;
				CLANG_WARN_INFINITE_RECURSION = YES;
				CLANG_WARN_INT_CONVERSION = YES;
				CLANG_WARN_NON_LITERAL_NULL_CONVERSION = YES;
				CLANG_WARN_OBJC_IMPLICIT_RETAIN_SELF = YES;
				CLANG_WARN_OBJC_LITERAL_CONVERSION = YES;
				CLANG_WARN_OBJC_ROOT_CLASS = YES_ERROR;
				CLANG_WARN_QUOTED_INCLUDE_IN_FRAMEWORK_HEADER = YES;
				CLANG_WARN_RANGE_LOOP_ANALYSIS = YES;
				CLANG_WARN_STRICT_PROTOTYPES = YES;
				CLANG_WARN_SUSPICIOUS_MOVE = YES;
				CLANG_WARN_UNGUARDED_AVAILABILITY = YES_AGGRESSIVE;
				CLANG_WARN_UNREACHABLE_CODE = YES;
				CLANG_WARN__DUPLICATE_METHOD_MATCH = YES;
				COPY_PHASE_STRIP = NO;
				DEBUG_INFORMATION_FORMAT = dwarf;
				ENABLE_STRICT_OBJC_MSGSEND = YES;
				ENABLE_TESTABILITY = YES;
				GCC_C_LANGUAGE_STANDARD = gnu11;
				GCC_DYNAMIC_NO_PIC = NO;
				GCC_NO_COMMON_BLOCKS = YES;
				GCC_OPTIMIZATION_LEVEL = 0;
				GCC_PREPROCESSOR_DEFINITIONS = (
					"DEBUG=1",
					"$(inherited)",
				);
				GCC_WARN_64_TO_32_BIT_CONVERSION = YES;
				GCC_WARN_ABOUT_RETURN_TYPE = YES_ERROR;
				GCC_WARN_UNDECLARED_SELECTOR = YES;
				GCC_WARN_UNINITIALIZED_AUTOS = YES_AGGRESSIVE;
				GCC_WARN_UNUSED_FUNCTION = YES;
				GCC_WARN_UNUSED_VARIABLE = YES;
				IPHONEOS_DEPLOYMENT_TARGET = 15.0;
				MTL_ENABLE_DEBUG_INFO = INCLUDE_SOURCE;
				MTL_FAST_MATH = YES;
				ONLY_ACTIVE_ARCH = YES;
				SDKROOT = iphoneos;
				SWIFT_ACTIVE_COMPILATION_CONDITIONS = DEBUG;
				SWIFT_OPTIMIZATION_LEVEL = "-Onone";
			};
			name = Debug;
		};
		DE9BFC612729CA3C00426952 /* Release */ = {
			isa = XCBuildConfiguration;
			buildSettings = {
				ALWAYS_SEARCH_USER_PATHS = NO;
				CLANG_ANALYZER_NONNULL = YES;
				CLANG_ANALYZER_NUMBER_OBJECT_CONVERSION = YES_AGGRESSIVE;
				CLANG_CXX_LANGUAGE_STANDARD = "gnu++17";
				CLANG_CXX_LIBRARY = "libc++";
				CLANG_ENABLE_MODULES = YES;
				CLANG_ENABLE_OBJC_ARC = YES;
				CLANG_ENABLE_OBJC_WEAK = YES;
				CLANG_WARN_BLOCK_CAPTURE_AUTORELEASING = YES;
				CLANG_WARN_BOOL_CONVERSION = YES;
				CLANG_WARN_COMMA = YES;
				CLANG_WARN_CONSTANT_CONVERSION = YES;
				CLANG_WARN_DEPRECATED_OBJC_IMPLEMENTATIONS = YES;
				CLANG_WARN_DIRECT_OBJC_ISA_USAGE = YES_ERROR;
				CLANG_WARN_DOCUMENTATION_COMMENTS = YES;
				CLANG_WARN_EMPTY_BODY = YES;
				CLANG_WARN_ENUM_CONVERSION = YES;
				CLANG_WARN_INFINITE_RECURSION = YES;
				CLANG_WARN_INT_CONVERSION = YES;
				CLANG_WARN_NON_LITERAL_NULL_CONVERSION = YES;
				CLANG_WARN_OBJC_IMPLICIT_RETAIN_SELF = YES;
				CLANG_WARN_OBJC_LITERAL_CONVERSION = YES;
				CLANG_WARN_OBJC_ROOT_CLASS = YES_ERROR;
				CLANG_WARN_QUOTED_INCLUDE_IN_FRAMEWORK_HEADER = YES;
				CLANG_WARN_RANGE_LOOP_ANALYSIS = YES;
				CLANG_WARN_STRICT_PROTOTYPES = YES;
				CLANG_WARN_SUSPICIOUS_MOVE = YES;
				CLANG_WARN_UNGUARDED_AVAILABILITY = YES_AGGRESSIVE;
				CLANG_WARN_UNREACHABLE_CODE = YES;
				CLANG_WARN__DUPLICATE_METHOD_MATCH = YES;
				COPY_PHASE_STRIP = NO;
				DEBUG_INFORMATION_FORMAT = "dwarf-with-dsym";
				ENABLE_NS_ASSERTIONS = NO;
				ENABLE_STRICT_OBJC_MSGSEND = YES;
				GCC_C_LANGUAGE_STANDARD = gnu11;
				GCC_NO_COMMON_BLOCKS = YES;
				GCC_WARN_64_TO_32_BIT_CONVERSION = YES;
				GCC_WARN_ABOUT_RETURN_TYPE = YES_ERROR;
				GCC_WARN_UNDECLARED_SELECTOR = YES;
				GCC_WARN_UNINITIALIZED_AUTOS = YES_AGGRESSIVE;
				GCC_WARN_UNUSED_FUNCTION = YES;
				GCC_WARN_UNUSED_VARIABLE = YES;
				IPHONEOS_DEPLOYMENT_TARGET = 15.0;
				MTL_ENABLE_DEBUG_INFO = NO;
				MTL_FAST_MATH = YES;
				SDKROOT = iphoneos;
				SWIFT_COMPILATION_MODE = wholemodule;
				SWIFT_OPTIMIZATION_LEVEL = "-O";
				VALIDATE_PRODUCT = YES;
			};
			name = Release;
		};
		DE9BFC632729CA3C00426952 /* Debug */ = {
			isa = XCBuildConfiguration;
			buildSettings = {
				ASSETCATALOG_COMPILER_APPICON_NAME = AppIcon;
				ASSETCATALOG_COMPILER_GLOBAL_ACCENT_COLOR_NAME = AccentColor;
				CODE_SIGN_STYLE = Automatic;
				CURRENT_PROJECT_VERSION = 1;
				DEVELOPMENT_ASSET_PATHS = "\"DouzePointCinqTest/Preview Content\"";
				DEVELOPMENT_TEAM = 8Q989F6ZS5;
				ENABLE_PREVIEWS = YES;
				GENERATE_INFOPLIST_FILE = YES;
				INFOPLIST_KEY_UIApplicationSceneManifest_Generation = YES;
				INFOPLIST_KEY_UIApplicationSupportsIndirectInputEvents = YES;
				INFOPLIST_KEY_UILaunchScreen_Generation = YES;
				INFOPLIST_KEY_UISupportedInterfaceOrientations_iPad = "UIInterfaceOrientationPortrait UIInterfaceOrientationPortraitUpsideDown UIInterfaceOrientationLandscapeLeft UIInterfaceOrientationLandscapeRight";
				INFOPLIST_KEY_UISupportedInterfaceOrientations_iPhone = "UIInterfaceOrientationPortrait UIInterfaceOrientationLandscapeLeft UIInterfaceOrientationLandscapeRight";
				LD_RUNPATH_SEARCH_PATHS = (
					"$(inherited)",
					"@executable_path/Frameworks",
				);
				MARKETING_VERSION = 1.0;
				PRODUCT_BUNDLE_IDENTIFIER = com.anthyou.DouzePointCinqTest;
				PRODUCT_NAME = "$(TARGET_NAME)";
				SWIFT_EMIT_LOC_STRINGS = YES;
				SWIFT_VERSION = 5.0;
				TARGETED_DEVICE_FAMILY = "1,2";
			};
			name = Debug;
		};
		DE9BFC642729CA3C00426952 /* Release */ = {
			isa = XCBuildConfiguration;
			buildSettings = {
				ASSETCATALOG_COMPILER_APPICON_NAME = AppIcon;
				ASSETCATALOG_COMPILER_GLOBAL_ACCENT_COLOR_NAME = AccentColor;
				CODE_SIGN_STYLE = Automatic;
				CURRENT_PROJECT_VERSION = 1;
				DEVELOPMENT_ASSET_PATHS = "\"DouzePointCinqTest/Preview Content\"";
				DEVELOPMENT_TEAM = 8Q989F6ZS5;
				ENABLE_PREVIEWS = YES;
				GENERATE_INFOPLIST_FILE = YES;
				INFOPLIST_KEY_UIApplicationSceneManifest_Generation = YES;
				INFOPLIST_KEY_UIApplicationSupportsIndirectInputEvents = YES;
				INFOPLIST_KEY_UILaunchScreen_Generation = YES;
				INFOPLIST_KEY_UISupportedInterfaceOrientations_iPad = "UIInterfaceOrientationPortrait UIInterfaceOrientationPortraitUpsideDown UIInterfaceOrientationLandscapeLeft UIInterfaceOrientationLandscapeRight";
				INFOPLIST_KEY_UISupportedInterfaceOrientations_iPhone = "UIInterfaceOrientationPortrait UIInterfaceOrientationLandscapeLeft UIInterfaceOrientationLandscapeRight";
				LD_RUNPATH_SEARCH_PATHS = (
					"$(inherited)",
					"@executable_path/Frameworks",
				);
				MARKETING_VERSION = 1.0;
				PRODUCT_BUNDLE_IDENTIFIER = com.anthyou.DouzePointCinqTest;
				PRODUCT_NAME = "$(TARGET_NAME)";
				SWIFT_EMIT_LOC_STRINGS = YES;
				SWIFT_VERSION = 5.0;
				TARGETED_DEVICE_FAMILY = "1,2";
			};
			name = Release;
		};
/* End XCBuildConfiguration section */

/* Begin XCConfigurationList section */
		DE9BFC4F2729CA3900426952 /* Build configuration list for PBXProject "DouzePointCinqTest" */ = {
			isa = XCConfigurationList;
			buildConfigurations = (
				DE9BFC602729CA3C00426952 /* Debug */,
				DE9BFC612729CA3C00426952 /* Release */,
			);
			defaultConfigurationIsVisible = 0;
			defaultConfigurationName = Release;
		};
		DE9BFC622729CA3C00426952 /* Build configuration list for PBXNativeTarget "DouzePointCinqTest" */ = {
			isa = XCConfigurationList;
			buildConfigurations = (
				DE9BFC632729CA3C00426952 /* Debug */,
				DE9BFC642729CA3C00426952 /* Release */,
			);
			defaultConfigurationIsVisible = 0;
			defaultConfigurationName = Release;
		};
/* End XCConfigurationList section */
	};
	rootObject = DE9BFC4C2729CA3900426952 /* Project object */;
}
